
Microsoft Visual Studio Solution File, Format Version 12.00
# Visual Studio Version 17
VisualStudioVersion = 17.0.31903.59
MinimumVisualStudioVersion = 10.0.40219.1
Project("{2150E333-8FDC-42A3-9474-1A3956D46DE8}") = "src", "src", "{827E0CD3-B72D-47B6-A68D-7590B98EB39B}"
EndProject
Project("{FAE04EC0-301F-11D3-BF4B-00C04F79EFBC}") = "BuildOrchestrator.Contracts", "src\BuildOrchestrator.Contracts\BuildOrchestrator.Contracts.csproj", "{8A1DBA57-9F3A-45E2-9B4D-8B515B20B225}"
EndProject
Project("{FAE04EC0-301F-11D3-BF4B-00C04F79EFBC}") = "BuildOrchestrator.Core", "src\BuildOrchestrator.Core\BuildOrchestrator.Core.csproj", "{58C9F9F4-18DB-48FA-96A4-1CE0FEEAC724}"
EndProject
Project("{FAE04EC0-301F-11D3-BF4B-00C04F79EFBC}") = "BuildOrchestrator.Worker", "src\BuildOrchestrator.Worker\BuildOrchestrator.Worker.csproj", "{EAD0BBC5-62D6-433F-BB56-30187AE5FAF7}"
EndProject
Project("{FAE04EC0-301F-11D3-BF4B-00C04F79EFBC}") = "BuildOrchestrator.App", "src\BuildOrchestrator.App\BuildOrchestrator.App.csproj", "{1DDA15E4-088B-4E28-A3A0-C65B1312B0A4}"
EndProject
Project("{2150E333-8FDC-42A3-9474-1A3956D46DE8}") = "tests", "tests", "{0AB3BF05-4346-4AA6-1389-037BE0695223}"
EndProject
Project("{FAE04EC0-301F-11D3-BF4B-00C04F79EFBC}") = "BuildOrchestrator.Core.Tests", "tests\BuildOrchestrator.Core.Tests\BuildOrchestrator.Core.Tests.csproj", "{15BD2A81-A184-41E0-8A3F-B86AE2C8A881}"
EndProject
Project("{FAE04EC0-301F-11D3-BF4B-00C04F79EFBC}") = "BuildOrchestrator.Worker.Tests", "tests\BuildOrchestrator.Worker.Tests\BuildOrchestrator.Worker.Tests.csproj", "{1F7B5201-52BE-41A6-8ABE-168A603B21BD}"
EndProject
Global
	GlobalSection(SolutionConfigurationPlatforms) = preSolution
		Debug|Any CPU = Debug|Any CPU
		Debug|x64 = Debug|x64
		Debug|x86 = Debug|x86
		Release|Any CPU = Release|Any CPU
		Release|x64 = Release|x64
		Release|x86 = Release|x86
	EndGlobalSection
	GlobalSection(ProjectConfigurationPlatforms) = postSolution
		{8A1DBA57-9F3A-45E2-9B4D-8B515B20B225}.Debug|Any CPU.ActiveCfg = Debug|Any CPU
		{8A1DBA57-9F3A-45E2-9B4D-8B515B20B225}.Debug|Any CPU.Build.0 = Debug|Any CPU
		{8A1DBA57-9F3A-45E2-9B4D-8B515B20B225}.Debug|x64.ActiveCfg = Debug|Any CPU
		{8A1DBA57-9F3A-45E2-9B4D-8B515B20B225}.Debug|x64.Build.0 = Debug|Any CPU
		{8A1DBA57-9F3A-45E2-9B4D-8B515B20B225}.Debug|x86.ActiveCfg = Debug|Any CPU
		{8A1DBA57-9F3A-45E2-9B4D-8B515B20B225}.Debug|x86.Build.0 = Debug|Any CPU
		{8A1DBA57-9F3A-45E2-9B4D-8B515B20B225}.Release|Any CPU.ActiveCfg = Release|Any CPU
		{8A1DBA57-9F3A-45E2-9B4D-8B515B20B225}.Release|Any CPU.Build.0 = Release|Any CPU
		{8A1DBA57-9F3A-45E2-9B4D-8B515B20B225}.Release|x64.ActiveCfg = Release|Any CPU
		{8A1DBA57-9F3A-45E2-9B4D-8B515B20B225}.Release|x64.Build.0 = Release|Any CPU
		{8A1DBA57-9F3A-45E2-9B4D-8B515B20B225}.Release|x86.ActiveCfg = Release|Any CPU
		{8A1DBA57-9F3A-45E2-9B4D-8B515B20B225}.Release|x86.Build.0 = Release|Any CPU
		{58C9F9F4-18DB-48FA-96A4-1CE0FEEAC724}.Debug|Any CPU.ActiveCfg = Debug|Any CPU
		{58C9F9F4-18DB-48FA-96A4-1CE0FEEAC724}.Debug|Any CPU.Build.0 = Debug|Any CPU
		{58C9F9F4-18DB-48FA-96A4-1CE0FEEAC724}.Debug|x64.ActiveCfg = Debug|Any CPU
		{58C9F9F4-18DB-48FA-96A4-1CE0FEEAC724}.Debug|x64.Build.0 = Debug|Any CPU
		{58C9F9F4-18DB-48FA-96A4-1CE0FEEAC724}.Debug|x86.ActiveCfg = Debug|Any CPU
		{58C9F9F4-18DB-48FA-96A4-1CE0FEEAC724}.Debug|x86.Build.0 = Debug|Any CPU
		{58C9F9F4-18DB-48FA-96A4-1CE0FEEAC724}.Release|Any CPU.ActiveCfg = Release|Any CPU
		{58C9F9F4-18DB-48FA-96A4-1CE0FEEAC724}.Release|Any CPU.Build.0 = Release|Any CPU
		{58C9F9F4-18DB-48FA-96A4-1CE0FEEAC724}.Release|x64.ActiveCfg = Release|Any CPU
		{58C9F9F4-18DB-48FA-96A4-1CE0FEEAC724}.Release|x64.Build.0 = Release|Any CPU
		{58C9F9F4-18DB-48FA-96A4-1CE0FEEAC724}.Release|x86.ActiveCfg = Release|Any CPU
		{58C9F9F4-18DB-48FA-96A4-1CE0FEEAC724}.Release|x86.Build.0 = Release|Any CPU
		{EAD0BBC5-62D6-433F-BB56-30187AE5FAF7}.Debug|Any CPU.ActiveCfg = Debug|Any CPU
		{EAD0BBC5-62D6-433F-BB56-30187AE5FAF7}.Debug|Any CPU.Build.0 = Debug|Any CPU
		{EAD0BBC5-62D6-433F-BB56-30187AE5FAF7}.Debug|x64.ActiveCfg = Debug|Any CPU
		{EAD0BBC5-62D6-433F-BB56-30187AE5FAF7}.Debug|x64.Build.0 = Debug|Any CPU
		{EAD0BBC5-62D6-433F-BB56-30187AE5FAF7}.Debug|x86.ActiveCfg = Debug|Any CPU
		{EAD0BBC5-62D6-433F-BB56-30187AE5FAF7}.Debug|x86.Build.0 = Debug|Any CPU
		{EAD0BBC5-62D6-433F-BB56-30187AE5FAF7}.Release|Any CPU.ActiveCfg = Release|Any CPU
		{EAD0BBC5-62D6-433F-BB56-30187AE5FAF7}.Release|Any CPU.Build.0 = Release|Any CPU
		{EAD0BBC5-62D6-433F-BB56-30187AE5FAF7}.Release|x64.ActiveCfg = Release|Any CPU
		{EAD0BBC5-62D6-433F-BB56-30187AE5FAF7}.Release|x64.Build.0 = Release|Any CPU
		{EAD0BBC5-62D6-433F-BB56-30187AE5FAF7}.Release|x86.ActiveCfg = Release|Any CPU
		{EAD0BBC5-62D6-433F-BB56-30187AE5FAF7}.Release|x86.Build.0 = Release|Any CPU
		{1DDA15E4-088B-4E28-A3A0-C65B1312B0A4}.Debug|Any CPU.ActiveCfg = Debug|Any CPU
		{1DDA15E4-088B-4E28-A3A0-C65B1312B0A4}.Debug|Any CPU.Build.0 = Debug|Any CPU
		{1DDA15E4-088B-4E28-A3A0-C65B1312B0A4}.Debug|x64.ActiveCfg = Debug|Any CPU
		{1DDA15E4-088B-4E28-A3A0-C65B1312B0A4}.Debug|x64.Build.0 = Debug|Any CPU
		{1DDA15E4-088B-4E28-A3A0-C65B1312B0A4}.Debug|x86.ActiveCfg = Debug|Any CPU
		{1DDA15E4-088B-4E28-A3A0-C65B1312B0A4}.Debug|x86.Build.0 = Debug|Any CPU
		{1DDA15E4-088B-4E28-A3A0-C65B1312B0A4}.Release|Any CPU.ActiveCfg = Release|Any CPU
		{1DDA15E4-088B-4E28-A3A0-C65B1312B0A4}.Release|Any CPU.Build.0 = Release|Any CPU
		{1DDA15E4-088B-4E28-A3A0-C65B1312B0A4}.Release|x64.ActiveCfg = Release|Any CPU
		{1DDA15E4-088B-4E28-A3A0-C65B1312B0A4}.Release|x64.Build.0 = Release|Any CPU
		{1DDA15E4-088B-4E28-A3A0-C65B1312B0A4}.Release|x86.ActiveCfg = Release|Any CPU
		{1DDA15E4-088B-4E28-A3A0-C65B1312B0A4}.Release|x86.Build.0 = Release|Any CPU
		{15BD2A81-A184-41E0-8A3F-B86AE2C8A881}.Debug|Any CPU.ActiveCfg = Debug|Any CPU
		{15BD2A81-A184-41E0-8A3F-B86AE2C8A881}.Debug|Any CPU.Build.0 = Debug|Any CPU
		{15BD2A81-A184-41E0-8A3F-B86AE2C8A881}.Debug|x64.ActiveCfg = Debug|Any CPU
		{15BD2A81-A184-41E0-8A3F-B86AE2C8A881}.Debug|x64.Build.0 = Debug|Any CPU
		{15BD2A81-A184-41E0-8A3F-B86AE2C8A881}.Debug|x86.ActiveCfg = Debug|Any CPU
		{15BD2A81-A184-41E0-8A3F-B86AE2C8A881}.Debug|x86.Build.0 = Debug|Any CPU
		{15BD2A81-A184-41E0-8A3F-B86AE2C8A881}.Release|Any CPU.ActiveCfg = Release|Any CPU
		{15BD2A81-A184-41E0-8A3F-B86AE2C8A881}.Release|Any CPU.Build.0 = Release|Any CPU
		{15BD2A81-A184-41E0-8A3F-B86AE2C8A881}.Release|x64.ActiveCfg = Release|Any CPU
		{15BD2A81-A184-41E0-8A3F-B86AE2C8A881}.Release|x64.Build.0 = Release|Any CPU
		{15BD2A81-A184-41E0-8A3F-B86AE2C8A881}.Release|x86.ActiveCfg = Release|Any CPU
		{15BD2A81-A184-41E0-8A3F-B86AE2C8A881}.Release|x86.Build.0 = Release|Any CPU
		{1F7B5201-52BE-41A6-8ABE-168A603B21BD}.Debug|Any CPU.ActiveCfg = Debug|Any CPU
		{1F7B5201-52BE-41A6-8ABE-168A603B21BD}.Debug|Any CPU.Build.0 = Debug|Any CPU
		{1F7B5201-52BE-41A6-8ABE-168A603B21BD}.Debug|x64.ActiveCfg = Debug|Any CPU
		{1F7B5201-52BE-41A6-8ABE-168A603B21BD}.Debug|x64.Build.0 = Debug|Any CPU
		{1F7B5201-52BE-41A6-8ABE-168A603B21BD}.Debug|x86.ActiveCfg = Debug|Any CPU
		{1F7B5201-52BE-41A6-8ABE-168A603B21BD}.Debug|x86.Build.0 = Debug|Any CPU
		{1F7B5201-52BE-41A6-8ABE-168A603B21BD}.Release|Any CPU.ActiveCfg = Release|Any CPU
		{1F7B5201-52BE-41A6-8ABE-168A603B21BD}.Release|Any CPU.Build.0 = Release|Any CPU
		{1F7B5201-52BE-41A6-8ABE-168A603B21BD}.Release|x64.ActiveCfg = Release|Any CPU
		{1F7B5201-52BE-41A6-8ABE-168A603B21BD}.Release|x64.Build.0 = Release|Any CPU
		{1F7B5201-52BE-41A6-8ABE-168A603B21BD}.Release|x86.ActiveCfg = Release|Any CPU
		{1F7B5201-52BE-41A6-8ABE-168A603B21BD}.Release|x86.Build.0 = Release|Any CPU
	EndGlobalSection
	GlobalSection(SolutionProperties) = preSolution
		HideSolutionNode = FALSE
	EndGlobalSection
	GlobalSection(NestedProjects) = preSolution
		{8A1DBA57-9F3A-45E2-9B4D-8B515B20B225} = {827E0CD3-B72D-47B6-A68D-7590B98EB39B}
		{58C9F9F4-18DB-48FA-96A4-1CE0FEEAC724} = {827E0CD3-B72D-47B6-A68D-7590B98EB39B}
		{EAD0BBC5-62D6-433F-BB56-30187AE5FAF7} = {827E0CD3-B72D-47B6-A68D-7590B98EB39B}
		{1DDA15E4-088B-4E28-A3A0-C65B1312B0A4} = {827E0CD3-B72D-47B6-A68D-7590B98EB39B}
		{15BD2A81-A184-41E0-8A3F-B86AE2C8A881} = {0AB3BF05-4346-4AA6-1389-037BE0695223}
		{1F7B5201-52BE-41A6-8ABE-168A603B21BD} = {0AB3BF05-4346-4AA6-1389-037BE0695223}
	EndGlobalSection
EndGlobal
